
Microsoft Visual Studio Solution File, Format Version 12.00
# Visual Studio Version 17
VisualStudioVersion = 17.2.32616.157
MinimumVisualStudioVersion = 10.0.40219.1
Project("{FAE04EC0-301F-11D3-BF4B-00C04F79EFBC}") = "HustleVibe.Android", "HustleVibe\HustleVibe.Android\HustleVibe.Android.csproj", "{55DC5FD1-2177-4D0C-B703-004097A35E98}"
EndProject
Project("{FAE04EC0-301F-11D3-BF4B-00C04F79EFBC}") = "HustleVibe.iOS", "HustleVibe\HustleVibe.iOS\HustleVibe.iOS.csproj", "{EB2EDE9B-484A-447E-8B2D-CA6607304EDE}"
EndProject
Project("{FAE04EC0-301F-11D3-BF4B-00C04F79EFBC}") = "HustleVibe", "HustleVibe\HustleVibe\HustleVibe.csproj", "{8434669E-8FDC-4E31-A940-1F4FC003E6D4}"
EndProject
Global
	GlobalSection(SolutionConfigurationPlatforms) = preSolution
		Debug|Any CPU = Debug|Any CPU
		Debug|iPhone = Debug|iPhone
		Debug|iPhoneSimulator = Debug|iPhoneSimulator
		Release|Any CPU = Release|Any CPU
		Release|iPhone = Release|iPhone
		Release|iPhoneSimulator = Release|iPhoneSimulator
	EndGlobalSection
	GlobalSection(ProjectConfigurationPlatforms) = postSolution
		{55DC5FD1-2177-4D0C-B703-004097A35E98}.Debug|Any CPU.ActiveCfg = Debug|Any CPU
		{55DC5FD1-2177-4D0C-B703-004097A35E98}.Debug|Any CPU.Build.0 = Debug|Any CPU
		{55DC5FD1-2177-4D0C-B703-004097A35E98}.Debug|Any CPU.Deploy.0 = Debug|Any CPU
		{55DC5FD1-2177-4D0C-B703-004097A35E98}.Debug|iPhone.ActiveCfg = Debug|Any CPU
		{55DC5FD1-2177-4D0C-B703-004097A35E98}.Debug|iPhone.Build.0 = Debug|Any CPU
		{55DC5FD1-2177-4D0C-B703-004097A35E98}.Debug|iPhone.Deploy.0 = Debug|Any CPU
		{55DC5FD1-2177-4D0C-B703-004097A35E98}.Debug|iPhoneSimulator.ActiveCfg = Debug|Any CPU
		{55DC5FD1-2177-4D0C-B703-004097A35E98}.Debug|iPhoneSimulator.Build.0 = Debug|Any CPU
		{55DC5FD1-2177-4D0C-B703-004097A35E98}.Debug|iPhoneSimulator.Deploy.0 = Debug|Any CPU
		{55DC5FD1-2177-4D0C-B703-004097A35E98}.Release|Any CPU.ActiveCfg = Release|Any CPU
		{55DC5FD1-2177-4D0C-B703-004097A35E98}.Release|Any CPU.Build.0 = Release|Any CPU
		{55DC5FD1-2177-4D0C-B703-004097A35E98}.Release|Any CPU.Deploy.0 = Release|Any CPU
		{55DC5FD1-2177-4D0C-B703-004097A35E98}.Release|iPhone.ActiveCfg = Release|Any CPU
		{55DC5FD1-2177-4D0C-B703-004097A35E98}.Release|iPhone.Build.0 = Release|Any CPU
		{55DC5FD1-2177-4D0C-B703-004097A35E98}.Release|iPhone.Deploy.0 = Release|Any CPU
		{55DC5FD1-2177-4D0C-B703-004097A35E98}.Release|iPhoneSimulator.ActiveCfg = Release|Any CPU
		{55DC5FD1-2177-4D0C-B703-004097A35E98}.Release|iPhoneSimulator.Build.0 = Release|Any CPU
		{55DC5FD1-2177-4D0C-B703-004097A35E98}.Release|iPhoneSimulator.Deploy.0 = Release|Any CPU
		{EB2EDE9B-484A-447E-8B2D-CA6607304EDE}.Debug|Any CPU.ActiveCfg = Debug|iPhone
		{EB2EDE9B-484A-447E-8B2D-CA6607304EDE}.Debug|Any CPU.Build.0 = Debug|iPhone
		{EB2EDE9B-484A-447E-8B2D-CA6607304EDE}.Debug|Any CPU.Deploy.0 = Debug|iPhone
		{EB2EDE9B-484A-447E-8B2D-CA6607304EDE}.Debug|iPhone.ActiveCfg = Debug|iPhone
		{EB2EDE9B-484A-447E-8B2D-CA6607304EDE}.Debug|iPhone.Build.0 = Debug|iPhone
		{EB2EDE9B-484A-447E-8B2D-CA6607304EDE}.Debug|iPhone.Deploy.0 = Debug|iPhone
		{EB2EDE9B-484A-447E-8B2D-CA6607304EDE}.Debug|iPhoneSimulator.ActiveCfg = Debug|iPhoneSimulator
		{EB2EDE9B-484A-447E-8B2D-CA6607304EDE}.Debug|iPhoneSimulator.Build.0 = Debug|iPhoneSimulator
		{EB2EDE9B-484A-447E-8B2D-CA6607304EDE}.Debug|iPhoneSimulator.Deploy.0 = Debug|iPhoneSimulator
		{EB2EDE9B-484A-447E-8B2D-CA6607304EDE}.Release|Any CPU.ActiveCfg = Release|iPhoneSimulator
		{EB2EDE9B-484A-447E-8B2D-CA6607304EDE}.Release|Any CPU.Build.0 = Release|iPhoneSimulator
		{EB2EDE9B-484A-447E-8B2D-CA6607304EDE}.Release|Any CPU.Deploy.0 = Release|iPhoneSimulator
		{EB2EDE9B-484A-447E-8B2D-CA6607304EDE}.Release|iPhone.ActiveCfg = Release|iPhone
		{EB2EDE9B-484A-447E-8B2D-CA6607304EDE}.Release|iPhone.Build.0 = Release|iPhone
		{EB2EDE9B-484A-447E-8B2D-CA6607304EDE}.Release|iPhone.Deploy.0 = Release|iPhone
		{EB2EDE9B-484A-447E-8B2D-CA6607304EDE}.Release|iPhoneSimulator.ActiveCfg = Release|iPhoneSimulator
		{EB2EDE9B-484A-447E-8B2D-CA6607304EDE}.Release|iPhoneSimulator.Build.0 = Release|iPhoneSimulator
		{EB2EDE9B-484A-447E-8B2D-CA6607304EDE}.Release|iPhoneSimulator.Deploy.0 = Release|iPhoneSimulator
		{8434669E-8FDC-4E31-A940-1F4FC003E6D4}.Debug|Any CPU.ActiveCfg = Debug|Any CPU
		{8434669E-8FDC-4E31-A940-1F4FC003E6D4}.Debug|Any CPU.Build.0 = Debug|Any CPU
		{8434669E-8FDC-4E31-A940-1F4FC003E6D4}.Debug|Any CPU.Deploy.0 = Debug|Any CPU
		{8434669E-8FDC-4E31-A940-1F4FC003E6D4}.Debug|iPhone.ActiveCfg = Debug|Any CPU
		{8434669E-8FDC-4E31-A940-1F4FC003E6D4}.Debug|iPhone.Build.0 = Debug|Any CPU
		{8434669E-8FDC-4E31-A940-1F4FC003E6D4}.Debug|iPhone.Deploy.0 = Debug|Any CPU
		{8434669E-8FDC-4E31-A940-1F4FC003E6D4}.Debug|iPhoneSimulator.ActiveCfg = Debug|Any CPU
		{8434669E-8FDC-4E31-A940-1F4FC003E6D4}.Debug|iPhoneSimulator.Build.0 = Debug|Any CPU
		{8434669E-8FDC-4E31-A940-1F4FC003E6D4}.Debug|iPhoneSimulator.Deploy.0 = Debug|Any CPU
		{8434669E-8FDC-4E31-A940-1F4FC003E6D4}.Release|Any CPU.ActiveCfg = Release|Any CPU
		{8434669E-8FDC-4E31-A940-1F4FC003E6D4}.Release|Any CPU.Build.0 = Release|Any CPU
		{8434669E-8FDC-4E31-A940-1F4FC003E6D4}.Release|Any CPU.Deploy.0 = Release|Any CPU
		{8434669E-8FDC-4E31-A940-1F4FC003E6D4}.Release|iPhone.ActiveCfg = Release|Any CPU
		{8434669E-8FDC-4E31-A940-1F4FC003E6D4}.Release|iPhone.Build.0 = Release|Any CPU
		{8434669E-8FDC-4E31-A940-1F4FC003E6D4}.Release|iPhone.Deploy.0 = Release|Any CPU
		{8434669E-8FDC-4E31-A940-1F4FC003E6D4}.Release|iPhoneSimulator.ActiveCfg = Release|Any CPU
		{8434669E-8FDC-4E31-A940-1F4FC003E6D4}.Release|iPhoneSimulator.Build.0 = Release|Any CPU
		{8434669E-8FDC-4E31-A940-1F4FC003E6D4}.Release|iPhoneSimulator.Deploy.0 = Release|Any CPU
	EndGlobalSection
	GlobalSection(SolutionProperties) = preSolution
		HideSolutionNode = FALSE
	EndGlobalSection
	GlobalSection(ExtensibilityGlobals) = postSolution
		SolutionGuid = {B5C3CFB4-3C49-4E9C-9E8B-8C34FC6D0312}
	EndGlobalSection
EndGlobal
