
Microsoft Visual Studio Solution File, Format Version 12.00
# Visual Studio Version 17
VisualStudioVersion = 17.2.32602.215
MinimumVisualStudioVersion = 10.0.40219.1
Project("{FAE04EC0-301F-11D3-BF4B-00C04F79EFBC}") = "HustleVibe.Android", "HustleVibe\HustleVibe.Android\HustleVibe.Android.csproj", "{68A68753-63F4-4B1A-8AA6-569D631CBEC1}"
EndProject
Project("{FAE04EC0-301F-11D3-BF4B-00C04F79EFBC}") = "HustleVibe.iOS", "HustleVibe\HustleVibe.iOS\HustleVibe.iOS.csproj", "{BDCFCB4D-B64D-4DE6-A7BA-E045ECF3A486}"
EndProject
Project("{FAE04EC0-301F-11D3-BF4B-00C04F79EFBC}") = "HustleVibe", "HustleVibe\HustleVibe\HustleVibe.csproj", "{83C63091-C9E1-4061-99AF-AFBBCBBA33B6}"
EndProject
Global
	GlobalSection(SolutionConfigurationPlatforms) = preSolution
		Debug|Any CPU = Debug|Any CPU
		Debug|iPhone = Debug|iPhone
		Debug|iPhoneSimulator = Debug|iPhoneSimulator
		Release|Any CPU = Release|Any CPU
		Release|iPhone = Release|iPhone
		Release|iPhoneSimulator = Release|iPhoneSimulator
	EndGlobalSection
	GlobalSection(ProjectConfigurationPlatforms) = postSolution
		{68A68753-63F4-4B1A-8AA6-569D631CBEC1}.Debug|Any CPU.ActiveCfg = Debug|Any CPU
		{68A68753-63F4-4B1A-8AA6-569D631CBEC1}.Debug|Any CPU.Build.0 = Debug|Any CPU
		{68A68753-63F4-4B1A-8AA6-569D631CBEC1}.Debug|Any CPU.Deploy.0 = Debug|Any CPU
		{68A68753-63F4-4B1A-8AA6-569D631CBEC1}.Debug|iPhone.ActiveCfg = Debug|Any CPU
		{68A68753-63F4-4B1A-8AA6-569D631CBEC1}.Debug|iPhone.Build.0 = Debug|Any CPU
		{68A68753-63F4-4B1A-8AA6-569D631CBEC1}.Debug|iPhone.Deploy.0 = Debug|Any CPU
		{68A68753-63F4-4B1A-8AA6-569D631CBEC1}.Debug|iPhoneSimulator.ActiveCfg = Debug|Any CPU
		{68A68753-63F4-4B1A-8AA6-569D631CBEC1}.Debug|iPhoneSimulator.Build.0 = Debug|Any CPU
		{68A68753-63F4-4B1A-8AA6-569D631CBEC1}.Debug|iPhoneSimulator.Deploy.0 = Debug|Any CPU
		{68A68753-63F4-4B1A-8AA6-569D631CBEC1}.Release|Any CPU.ActiveCfg = Release|Any CPU
		{68A68753-63F4-4B1A-8AA6-569D631CBEC1}.Release|Any CPU.Build.0 = Release|Any CPU
		{68A68753-63F4-4B1A-8AA6-569D631CBEC1}.Release|Any CPU.Deploy.0 = Release|Any CPU
		{68A68753-63F4-4B1A-8AA6-569D631CBEC1}.Release|iPhone.ActiveCfg = Release|Any CPU
		{68A68753-63F4-4B1A-8AA6-569D631CBEC1}.Release|iPhone.Build.0 = Release|Any CPU
		{68A68753-63F4-4B1A-8AA6-569D631CBEC1}.Release|iPhone.Deploy.0 = Release|Any CPU
		{68A68753-63F4-4B1A-8AA6-569D631CBEC1}.Release|iPhoneSimulator.ActiveCfg = Release|Any CPU
		{68A68753-63F4-4B1A-8AA6-569D631CBEC1}.Release|iPhoneSimulator.Build.0 = Release|Any CPU
		{68A68753-63F4-4B1A-8AA6-569D631CBEC1}.Release|iPhoneSimulator.Deploy.0 = Release|Any CPU
		{BDCFCB4D-B64D-4DE6-A7BA-E045ECF3A486}.Debug|Any CPU.ActiveCfg = Debug|iPhone
		{BDCFCB4D-B64D-4DE6-A7BA-E045ECF3A486}.Debug|Any CPU.Build.0 = Debug|iPhone
		{BDCFCB4D-B64D-4DE6-A7BA-E045ECF3A486}.Debug|Any CPU.Deploy.0 = Debug|iPhone
		{BDCFCB4D-B64D-4DE6-A7BA-E045ECF3A486}.Debug|iPhone.ActiveCfg = Debug|iPhone
		{BDCFCB4D-B64D-4DE6-A7BA-E045ECF3A486}.Debug|iPhone.Build.0 = Debug|iPhone
		{BDCFCB4D-B64D-4DE6-A7BA-E045ECF3A486}.Debug|iPhone.Deploy.0 = Debug|iPhone
		{BDCFCB4D-B64D-4DE6-A7BA-E045ECF3A486}.Debug|iPhoneSimulator.ActiveCfg = Debug|iPhoneSimulator
		{BDCFCB4D-B64D-4DE6-A7BA-E045ECF3A486}.Debug|iPhoneSimulator.Build.0 = Debug|iPhoneSimulator
		{BDCFCB4D-B64D-4DE6-A7BA-E045ECF3A486}.Debug|iPhoneSimulator.Deploy.0 = Debug|iPhoneSimulator
		{BDCFCB4D-B64D-4DE6-A7BA-E045ECF3A486}.Release|Any CPU.ActiveCfg = Release|iPhoneSimulator
		{BDCFCB4D-B64D-4DE6-A7BA-E045ECF3A486}.Release|Any CPU.Build.0 = Release|iPhoneSimulator
		{BDCFCB4D-B64D-4DE6-A7BA-E045ECF3A486}.Release|Any CPU.Deploy.0 = Release|iPhoneSimulator
		{BDCFCB4D-B64D-4DE6-A7BA-E045ECF3A486}.Release|iPhone.ActiveCfg = Release|iPhone
		{BDCFCB4D-B64D-4DE6-A7BA-E045ECF3A486}.Release|iPhone.Build.0 = Release|iPhone
		{BDCFCB4D-B64D-4DE6-A7BA-E045ECF3A486}.Release|iPhone.Deploy.0 = Release|iPhone
		{BDCFCB4D-B64D-4DE6-A7BA-E045ECF3A486}.Release|iPhoneSimulator.ActiveCfg = Release|iPhoneSimulator
		{BDCFCB4D-B64D-4DE6-A7BA-E045ECF3A486}.Release|iPhoneSimulator.Build.0 = Release|iPhoneSimulator
		{BDCFCB4D-B64D-4DE6-A7BA-E045ECF3A486}.Release|iPhoneSimulator.Deploy.0 = Release|iPhoneSimulator
		{83C63091-C9E1-4061-99AF-AFBBCBBA33B6}.Debug|Any CPU.ActiveCfg = Debug|Any CPU
		{83C63091-C9E1-4061-99AF-AFBBCBBA33B6}.Debug|Any CPU.Build.0 = Debug|Any CPU
		{83C63091-C9E1-4061-99AF-AFBBCBBA33B6}.Debug|Any CPU.Deploy.0 = Debug|Any CPU
		{83C63091-C9E1-4061-99AF-AFBBCBBA33B6}.Debug|iPhone.ActiveCfg = Debug|Any CPU
		{83C63091-C9E1-4061-99AF-AFBBCBBA33B6}.Debug|iPhone.Build.0 = Debug|Any CPU
		{83C63091-C9E1-4061-99AF-AFBBCBBA33B6}.Debug|iPhone.Deploy.0 = Debug|Any CPU
		{83C63091-C9E1-4061-99AF-AFBBCBBA33B6}.Debug|iPhoneSimulator.ActiveCfg = Debug|Any CPU
		{83C63091-C9E1-4061-99AF-AFBBCBBA33B6}.Debug|iPhoneSimulator.Build.0 = Debug|Any CPU
		{83C63091-C9E1-4061-99AF-AFBBCBBA33B6}.Debug|iPhoneSimulator.Deploy.0 = Debug|Any CPU
		{83C63091-C9E1-4061-99AF-AFBBCBBA33B6}.Release|Any CPU.ActiveCfg = Release|Any CPU
		{83C63091-C9E1-4061-99AF-AFBBCBBA33B6}.Release|Any CPU.Build.0 = Release|Any CPU
		{83C63091-C9E1-4061-99AF-AFBBCBBA33B6}.Release|Any CPU.Deploy.0 = Release|Any CPU
		{83C63091-C9E1-4061-99AF-AFBBCBBA33B6}.Release|iPhone.ActiveCfg = Release|Any CPU
		{83C63091-C9E1-4061-99AF-AFBBCBBA33B6}.Release|iPhone.Build.0 = Release|Any CPU
		{83C63091-C9E1-4061-99AF-AFBBCBBA33B6}.Release|iPhone.Deploy.0 = Release|Any CPU
		{83C63091-C9E1-4061-99AF-AFBBCBBA33B6}.Release|iPhoneSimulator.ActiveCfg = Release|Any CPU
		{83C63091-C9E1-4061-99AF-AFBBCBBA33B6}.Release|iPhoneSimulator.Build.0 = Release|Any CPU
		{83C63091-C9E1-4061-99AF-AFBBCBBA33B6}.Release|iPhoneSimulator.Deploy.0 = Release|Any CPU
	EndGlobalSection
	GlobalSection(SolutionProperties) = preSolution
		HideSolutionNode = FALSE
	EndGlobalSection
	GlobalSection(ExtensibilityGlobals) = postSolution
		SolutionGuid = {6FD9B3DE-730C-4819-8F9C-9BD5219539BA}
	EndGlobalSection
EndGlobal
